
Microsoft Visual Studio Solution File, Format Version 12.00
# Visual Studio Version 17
VisualStudioVersion = 17.0.31903.59
MinimumVisualStudioVersion = 10.0.40219.1
Project("{2150E333-8FDC-42A3-9474-1A3956D46DE8}") = "src", "src", "{B7EEAD3C-BE04-4067-927F-467BECA3BB93}"
EndProject
Project("{FAE04EC0-301F-11D3-BF4B-00C04F79EFBC}") = "BeniceSoft.OpenAuthing.Application", "src\BeniceSoft.OpenAuthing.Application\BeniceSoft.OpenAuthing.Application.csproj", "{E05A1941-B8E3-4F3C-BFDC-A6A27BBB8F4D}"
EndProject
Project("{FAE04EC0-301F-11D3-BF4B-00C04F79EFBC}") = "BeniceSoft.OpenAuthing.Application.Contracts", "src\BeniceSoft.OpenAuthing.Application.Contracts\BeniceSoft.OpenAuthing.Application.Contracts.csproj", "{4C8572C4-369C-49AF-8BDD-0EB7654ECCF6}"
EndProject
Project("{FAE04EC0-301F-11D3-BF4B-00C04F79EFBC}") = "BeniceSoft.OpenAuthing.Domain", "src\BeniceSoft.OpenAuthing.Domain\BeniceSoft.OpenAuthing.Domain.csproj", "{75A83594-C728-4919-BCCB-EE1CA3D3A338}"
EndProject
Project("{FAE04EC0-301F-11D3-BF4B-00C04F79EFBC}") = "BeniceSoft.OpenAuthing.EntityFrameworkCore", "src\BeniceSoft.OpenAuthing.EntityFrameworkCore\BeniceSoft.OpenAuthing.EntityFrameworkCore.csproj", "{C0E4FEFF-4A09-4FC0-9485-08369046A5F7}"
EndProject
Project("{FAE04EC0-301F-11D3-BF4B-00C04F79EFBC}") = "BeniceSoft.OpenAuthing.Domain.Shared", "src\BeniceSoft.OpenAuthing.Domain.Shared\BeniceSoft.OpenAuthing.Domain.Shared.csproj", "{9966E2D2-F490-4E45-A386-D7E68FF4EDB8}"
EndProject
Project("{FAE04EC0-301F-11D3-BF4B-00C04F79EFBC}") = "BeniceSoft.OpenAuthing.SSO", "src\BeniceSoft.OpenAuthing.SSO\BeniceSoft.OpenAuthing.SSO.csproj", "{9D0F0064-6554-4FC2-86A4-7EEDFAAE5CEE}"
EndProject
Project("{FAE04EC0-301F-11D3-BF4B-00C04F79EFBC}") = "BeniceSoft.OpenAuthing.RemoteService.Abstractions", "src\BeniceSoft.OpenAuthing.RemoteService.Abstractions\BeniceSoft.OpenAuthing.RemoteService.Abstractions.csproj", "{1F463E05-05E2-42F3-8FB2-480DAAA7DECF}"
EndProject
Project("{FAE04EC0-301F-11D3-BF4B-00C04F79EFBC}") = "BeniceSoft.OpenAuthing.RemoteService.Implements", "src\BeniceSoft.OpenAuthing.RemoteService.Implements\BeniceSoft.OpenAuthing.RemoteService.Implements.csproj", "{CC185D60-2FE1-49F9-AAF1-46FCFBA1AD7E}"
EndProject
Project("{2150E333-8FDC-42A3-9474-1A3956D46DE8}") = "remote-service", "remote-service", "{7EFA720E-95E4-4570-ACA1-3AE3F1FC2565}"
EndProject
Project("{2150E333-8FDC-42A3-9474-1A3956D46DE8}") = "SolutionItems", "SolutionItems", "{8D8BC389-2FD7-469A-8243-1D24930189E7}"
	ProjectSection(SolutionItems) = preProject
		Directory.Packages.props = Directory.Packages.props
	EndProjectSection
EndProject
Project("{2150E333-8FDC-42A3-9474-1A3956D46DE8}") = "building-block", "building-block", "{76243579-8589-4E1D-94A4-10174186E1D8}"
EndProject
Project("{FAE04EC0-301F-11D3-BF4B-00C04F79EFBC}") = "BeniceSoft.OpenAuthing.OAuth", "src\BeniceSoft.OpenAuthing.OAuth\BeniceSoft.OpenAuthing.OAuth.csproj", "{5E5E4420-93A7-40EB-ADB2-B27EBDA72C35}"
EndProject
Project("{FAE04EC0-301F-11D3-BF4B-00C04F79EFBC}") = "BeniceSoft.OpenAuthing.Tools", "src\BeniceSoft.OpenAuthing.Tools\BeniceSoft.OpenAuthing.Tools.csproj", "{5F3AED06-C866-4EE3-ACFD-2C4DA4B64D2E}"
EndProject
Project("{FAE04EC0-301F-11D3-BF4B-00C04F79EFBC}") = "BeniceSoft.OpenAuthing.API", "src\BeniceSoft.OpenAuthing.API\BeniceSoft.OpenAuthing.API.csproj", "{7288F222-5A7C-46F8-9957-E09976143DA4}"
EndProject
Project("{2150E333-8FDC-42A3-9474-1A3956D46DE8}") = "ddd", "ddd", "{F1FEF37C-8CDA-417D-9FFB-2DCB3D03E658}"
EndProject
Global
	GlobalSection(SolutionConfigurationPlatforms) = preSolution
		Debug|Any CPU = Debug|Any CPU
		Release|Any CPU = Release|Any CPU
	EndGlobalSection
	GlobalSection(SolutionProperties) = preSolution
		HideSolutionNode = FALSE
	EndGlobalSection
	GlobalSection(ProjectConfigurationPlatforms) = postSolution
		{E05A1941-B8E3-4F3C-BFDC-A6A27BBB8F4D}.Debug|Any CPU.ActiveCfg = Debug|Any CPU
		{E05A1941-B8E3-4F3C-BFDC-A6A27BBB8F4D}.Debug|Any CPU.Build.0 = Debug|Any CPU
		{E05A1941-B8E3-4F3C-BFDC-A6A27BBB8F4D}.Release|Any CPU.ActiveCfg = Release|Any CPU
		{E05A1941-B8E3-4F3C-BFDC-A6A27BBB8F4D}.Release|Any CPU.Build.0 = Release|Any CPU
		{4C8572C4-369C-49AF-8BDD-0EB7654ECCF6}.Debug|Any CPU.ActiveCfg = Debug|Any CPU
		{4C8572C4-369C-49AF-8BDD-0EB7654ECCF6}.Debug|Any CPU.Build.0 = Debug|Any CPU
		{4C8572C4-369C-49AF-8BDD-0EB7654ECCF6}.Release|Any CPU.ActiveCfg = Release|Any CPU
		{4C8572C4-369C-49AF-8BDD-0EB7654ECCF6}.Release|Any CPU.Build.0 = Release|Any CPU
		{75A83594-C728-4919-BCCB-EE1CA3D3A338}.Debug|Any CPU.ActiveCfg = Debug|Any CPU
		{75A83594-C728-4919-BCCB-EE1CA3D3A338}.Debug|Any CPU.Build.0 = Debug|Any CPU
		{75A83594-C728-4919-BCCB-EE1CA3D3A338}.Release|Any CPU.ActiveCfg = Release|Any CPU
		{75A83594-C728-4919-BCCB-EE1CA3D3A338}.Release|Any CPU.Build.0 = Release|Any CPU
		{C0E4FEFF-4A09-4FC0-9485-08369046A5F7}.Debug|Any CPU.ActiveCfg = Debug|Any CPU
		{C0E4FEFF-4A09-4FC0-9485-08369046A5F7}.Debug|Any CPU.Build.0 = Debug|Any CPU
		{C0E4FEFF-4A09-4FC0-9485-08369046A5F7}.Release|Any CPU.ActiveCfg = Release|Any CPU
		{C0E4FEFF-4A09-4FC0-9485-08369046A5F7}.Release|Any CPU.Build.0 = Release|Any CPU
		{9966E2D2-F490-4E45-A386-D7E68FF4EDB8}.Debug|Any CPU.ActiveCfg = Debug|Any CPU
		{9966E2D2-F490-4E45-A386-D7E68FF4EDB8}.Debug|Any CPU.Build.0 = Debug|Any CPU
		{9966E2D2-F490-4E45-A386-D7E68FF4EDB8}.Release|Any CPU.ActiveCfg = Release|Any CPU
		{9966E2D2-F490-4E45-A386-D7E68FF4EDB8}.Release|Any CPU.Build.0 = Release|Any CPU
		{9D0F0064-6554-4FC2-86A4-7EEDFAAE5CEE}.Debug|Any CPU.ActiveCfg = Debug|Any CPU
		{9D0F0064-6554-4FC2-86A4-7EEDFAAE5CEE}.Debug|Any CPU.Build.0 = Debug|Any CPU
		{9D0F0064-6554-4FC2-86A4-7EEDFAAE5CEE}.Release|Any CPU.ActiveCfg = Release|Any CPU
		{9D0F0064-6554-4FC2-86A4-7EEDFAAE5CEE}.Release|Any CPU.Build.0 = Release|Any CPU
		{1F463E05-05E2-42F3-8FB2-480DAAA7DECF}.Debug|Any CPU.ActiveCfg = Debug|Any CPU
		{1F463E05-05E2-42F3-8FB2-480DAAA7DECF}.Debug|Any CPU.Build.0 = Debug|Any CPU
		{1F463E05-05E2-42F3-8FB2-480DAAA7DECF}.Release|Any CPU.ActiveCfg = Release|Any CPU
		{1F463E05-05E2-42F3-8FB2-480DAAA7DECF}.Release|Any CPU.Build.0 = Release|Any CPU
		{CC185D60-2FE1-49F9-AAF1-46FCFBA1AD7E}.Debug|Any CPU.ActiveCfg = Debug|Any CPU
		{CC185D60-2FE1-49F9-AAF1-46FCFBA1AD7E}.Debug|Any CPU.Build.0 = Debug|Any CPU
		{CC185D60-2FE1-49F9-AAF1-46FCFBA1AD7E}.Release|Any CPU.ActiveCfg = Release|Any CPU
		{CC185D60-2FE1-49F9-AAF1-46FCFBA1AD7E}.Release|Any CPU.Build.0 = Release|Any CPU
		{5E5E4420-93A7-40EB-ADB2-B27EBDA72C35}.Debug|Any CPU.ActiveCfg = Debug|Any CPU
		{5E5E4420-93A7-40EB-ADB2-B27EBDA72C35}.Debug|Any CPU.Build.0 = Debug|Any CPU
		{5E5E4420-93A7-40EB-ADB2-B27EBDA72C35}.Release|Any CPU.ActiveCfg = Release|Any CPU
		{5E5E4420-93A7-40EB-ADB2-B27EBDA72C35}.Release|Any CPU.Build.0 = Release|Any CPU
		{5F3AED06-C866-4EE3-ACFD-2C4DA4B64D2E}.Debug|Any CPU.ActiveCfg = Debug|Any CPU
		{5F3AED06-C866-4EE3-ACFD-2C4DA4B64D2E}.Debug|Any CPU.Build.0 = Debug|Any CPU
		{5F3AED06-C866-4EE3-ACFD-2C4DA4B64D2E}.Release|Any CPU.ActiveCfg = Release|Any CPU
		{5F3AED06-C866-4EE3-ACFD-2C4DA4B64D2E}.Release|Any CPU.Build.0 = Release|Any CPU
		{7288F222-5A7C-46F8-9957-E09976143DA4}.Debug|Any CPU.ActiveCfg = Debug|Any CPU
		{7288F222-5A7C-46F8-9957-E09976143DA4}.Debug|Any CPU.Build.0 = Debug|Any CPU
		{7288F222-5A7C-46F8-9957-E09976143DA4}.Release|Any CPU.ActiveCfg = Release|Any CPU
		{7288F222-5A7C-46F8-9957-E09976143DA4}.Release|Any CPU.Build.0 = Release|Any CPU
	EndGlobalSection
	GlobalSection(NestedProjects) = preSolution
		{9D0F0064-6554-4FC2-86A4-7EEDFAAE5CEE} = {B7EEAD3C-BE04-4067-927F-467BECA3BB93}
		{7EFA720E-95E4-4570-ACA1-3AE3F1FC2565} = {B7EEAD3C-BE04-4067-927F-467BECA3BB93}
		{1F463E05-05E2-42F3-8FB2-480DAAA7DECF} = {7EFA720E-95E4-4570-ACA1-3AE3F1FC2565}
		{CC185D60-2FE1-49F9-AAF1-46FCFBA1AD7E} = {7EFA720E-95E4-4570-ACA1-3AE3F1FC2565}
		{76243579-8589-4E1D-94A4-10174186E1D8} = {B7EEAD3C-BE04-4067-927F-467BECA3BB93}
		{5E5E4420-93A7-40EB-ADB2-B27EBDA72C35} = {76243579-8589-4E1D-94A4-10174186E1D8}
		{5F3AED06-C866-4EE3-ACFD-2C4DA4B64D2E} = {76243579-8589-4E1D-94A4-10174186E1D8}
		{7288F222-5A7C-46F8-9957-E09976143DA4} = {B7EEAD3C-BE04-4067-927F-467BECA3BB93}
		{F1FEF37C-8CDA-417D-9FFB-2DCB3D03E658} = {B7EEAD3C-BE04-4067-927F-467BECA3BB93}
		{E05A1941-B8E3-4F3C-BFDC-A6A27BBB8F4D} = {F1FEF37C-8CDA-417D-9FFB-2DCB3D03E658}
		{4C8572C4-369C-49AF-8BDD-0EB7654ECCF6} = {F1FEF37C-8CDA-417D-9FFB-2DCB3D03E658}
		{75A83594-C728-4919-BCCB-EE1CA3D3A338} = {F1FEF37C-8CDA-417D-9FFB-2DCB3D03E658}
		{9966E2D2-F490-4E45-A386-D7E68FF4EDB8} = {F1FEF37C-8CDA-417D-9FFB-2DCB3D03E658}
		{C0E4FEFF-4A09-4FC0-9485-08369046A5F7} = {F1FEF37C-8CDA-417D-9FFB-2DCB3D03E658}
	EndGlobalSection
EndGlobal
